
Microsoft Visual Studio Solution File, Format Version 12.00
# Visual Studio Version 16
VisualStudioVersion = 16.0.31205.134
MinimumVisualStudioVersion = 10.0.40219.1
Project("{FAE04EC0-301F-11D3-BF4B-00C04F79EFBC}") = "AspNetCore.Middleware.Demo", "AspNetCore.Middleware.Demo.csproj", "{AFD3F8BF-1381-499E-8BE4-4A19B9F34211}"
EndProject
Global
	GlobalSection(SolutionConfigurationPlatforms) = preSolution
		Debug|Any CPU = Debug|Any CPU
		Release|Any CPU = Release|Any CPU
	EndGlobalSection
	GlobalSection(ProjectConfigurationPlatforms) = postSolution
		{AFD3F8BF-1381-499E-8BE4-4A19B9F34211}.Debug|Any CPU.ActiveCfg = Debug|Any CPU
		{AFD3F8BF-1381-499E-8BE4-4A19B9F34211}.Debug|Any CPU.Build.0 = Debug|Any CPU
		{AFD3F8BF-1381-499E-8BE4-4A19B9F34211}.Release|Any CPU.ActiveCfg = Release|Any CPU
		{AFD3F8BF-1381-499E-8BE4-4A19B9F34211}.Release|Any CPU.Build.0 = Release|Any CPU
	EndGlobalSection
	GlobalSection(SolutionProperties) = preSolution
		HideSolutionNode = FALSE
	EndGlobalSection
	GlobalSection(ExtensibilityGlobals) = postSolution
		SolutionGuid = {69909075-1B31-4178-8EB9-854A27BB5EE8}
	EndGlobalSection
EndGlobal
